{
  "name": "hello-world",
  "version": "1.0.0",
  "lockfileVersion": 1,
  "requires": true,
  "dependencies": {
    "ask-sdk-core": {
      "version": "2.0.7",
      "resolved": "https://registry.npmjs.org/ask-sdk-core/-/ask-sdk-core-2.0.7.tgz",
      "integrity": "sha512-L0YoF7ls0iUoo/WYDYj7uDjAFThYZSDjzF8YvLHIEZyzKVgrNNqxetRorUB+odDoctPWW7RV1xcep8F4p7c1jg=="
    },
    "ask-sdk-model": {
      "version": "1.4.1",
      "resolved": "https://registry.npmjs.org/ask-sdk-model/-/ask-sdk-model-1.4.1.tgz",
      "integrity": "sha512-pwpaavszEATrEtVEQSxYgDXj8kkkMh7rQzlIyOsSRdSI/mTJEk9Xb5mPkZw2QTCYsyVWxynWcw07uL6Wehpmmg=="
    }
  }
}
